
Microsoft Visual Studio Solution File, Format Version 12.00
# Visual Studio 14
VisualStudioVersion = 14.0.25420.1
MinimumVisualStudioVersion = 10.0.40219.1
Project("{FAE04EC0-301F-11D3-BF4B-00C04F79EFBC}") = "VitaGameManagement-CSharp", "VitaGameManagement-CSharp\VitaGameManagement-CSharp.csproj", "{AB9460CD-58D8-4A22-9B6D-62796826805E}"
EndProject
Project("{FAE04EC0-301F-11D3-BF4B-00C04F79EFBC}") = "VitaPackageHelper", "VitaPackageHelper\VitaPackageHelper.csproj", "{866A7483-EC96-42D2-97EE-7CB27BD750D5}"
EndProject
Global
	GlobalSection(SolutionConfigurationPlatforms) = preSolution
		Debug|Any CPU = Debug|Any CPU
		Release|Any CPU = Release|Any CPU
	EndGlobalSection
	GlobalSection(ProjectConfigurationPlatforms) = postSolution
		{AB9460CD-58D8-4A22-9B6D-62796826805E}.Debug|Any CPU.ActiveCfg = Debug|Any CPU
		{AB9460CD-58D8-4A22-9B6D-62796826805E}.Debug|Any CPU.Build.0 = Debug|Any CPU
		{AB9460CD-58D8-4A22-9B6D-62796826805E}.Release|Any CPU.ActiveCfg = Release|Any CPU
		{AB9460CD-58D8-4A22-9B6D-62796826805E}.Release|Any CPU.Build.0 = Release|Any CPU
		{866A7483-EC96-42D2-97EE-7CB27BD750D5}.Debug|Any CPU.ActiveCfg = Debug|Any CPU
		{866A7483-EC96-42D2-97EE-7CB27BD750D5}.Debug|Any CPU.Build.0 = Debug|Any CPU
		{866A7483-EC96-42D2-97EE-7CB27BD750D5}.Release|Any CPU.ActiveCfg = Release|Any CPU
		{866A7483-EC96-42D2-97EE-7CB27BD750D5}.Release|Any CPU.Build.0 = Release|Any CPU
	EndGlobalSection
	GlobalSection(SolutionProperties) = preSolution
		HideSolutionNode = FALSE
	EndGlobalSection
EndGlobal
